
Microsoft Visual Studio Solution File, Format Version 9.00
# Visual Studio 2005
Project("{FAE04EC0-301F-11D3-BF4B-00C04F79EFBC}") = "Ipen.CompartimentalModel", "Ipen.CompartimentalModel\Ipen.CompartimentalModel.csproj", "{E45650F2-C522-47DB-87F2-F97DA67E22F4}"
EndProject
Global
	GlobalSection(SolutionConfigurationPlatforms) = preSolution
		Debug|Any CPU = Debug|Any CPU
		Release|Any CPU = Release|Any CPU
	EndGlobalSection
	GlobalSection(ProjectConfigurationPlatforms) = postSolution
		{E45650F2-C522-47DB-87F2-F97DA67E22F4}.Debug|Any CPU.ActiveCfg = Debug|Any CPU
		{E45650F2-C522-47DB-87F2-F97DA67E22F4}.Debug|Any CPU.Build.0 = Debug|Any CPU
		{E45650F2-C522-47DB-87F2-F97DA67E22F4}.Release|Any CPU.ActiveCfg = Release|Any CPU
		{E45650F2-C522-47DB-87F2-F97DA67E22F4}.Release|Any CPU.Build.0 = Release|Any CPU
	EndGlobalSection
	GlobalSection(SolutionProperties) = preSolution
		HideSolutionNode = FALSE
	EndGlobalSection
EndGlobal
