
Microsoft Visual Studio Solution File, Format Version 9.00
# Visual Studio 2005
Project("{FAE04EC0-301F-11D3-BF4B-00C04F79EFBC}") = "CompartimentalModel", "..\CompartimentalModel\CompartimentalModel\CompartimentalModel.csproj", "{F471FD47-CA81-49DD-B1DA-298BD78D69ED}"
EndProject
Project("{FAE04EC0-301F-11D3-BF4B-00C04F79EFBC}") = "SSID", "SSID\SSID.csproj", "{33846C07-B5BC-4744-A3CF-A112CB507EDF}"
EndProject
Global
	GlobalSection(SolutionConfigurationPlatforms) = preSolution
		Debug|Any CPU = Debug|Any CPU
		Release|Any CPU = Release|Any CPU
	EndGlobalSection
	GlobalSection(ProjectConfigurationPlatforms) = postSolution
		{F471FD47-CA81-49DD-B1DA-298BD78D69ED}.Debug|Any CPU.ActiveCfg = Debug|Any CPU
		{F471FD47-CA81-49DD-B1DA-298BD78D69ED}.Debug|Any CPU.Build.0 = Debug|Any CPU
		{F471FD47-CA81-49DD-B1DA-298BD78D69ED}.Release|Any CPU.ActiveCfg = Release|Any CPU
		{F471FD47-CA81-49DD-B1DA-298BD78D69ED}.Release|Any CPU.Build.0 = Release|Any CPU
		{33846C07-B5BC-4744-A3CF-A112CB507EDF}.Debug|Any CPU.ActiveCfg = Debug|Any CPU
		{33846C07-B5BC-4744-A3CF-A112CB507EDF}.Debug|Any CPU.Build.0 = Debug|Any CPU
		{33846C07-B5BC-4744-A3CF-A112CB507EDF}.Release|Any CPU.ActiveCfg = Release|Any CPU
		{33846C07-B5BC-4744-A3CF-A112CB507EDF}.Release|Any CPU.Build.0 = Release|Any CPU
	EndGlobalSection
	GlobalSection(SolutionProperties) = preSolution
		HideSolutionNode = FALSE
	EndGlobalSection
EndGlobal
